{
  "name": "@nptscot/nptscot.github.io",
  "version": "2.0.0",
  "lockfileVersion": 3,
  "requires": true,
  "packages": {
    "": {
      "name": "@nptscot/nptscot.github.io",
      "version": "2.0.0",
      "license": "AGPL-3.0-only",
      "dependencies": {
        "nouislider": "^15.7.0"
      }
    },
    "node_modules/nouislider": {
      "version": "15.7.0",
      "resolved": "https://registry.npmjs.org/nouislider/-/nouislider-15.7.0.tgz",
      "integrity": "sha512-aJVEULBPOUwq32/s7xnLNyLvo4kuzYJJsNp2PNGW932AQ0uuDAbLShAqswtxRzJc5n/dLJXNlYSLOZ57bcUg1w=="
    }
  }
}
